// !$*UTF8*$!
{
	archiveVersion = 1;
	classes = {
	};
	objectVersion = 46;
	objects = {

/* Begin PBXBuildFile section */
		43A40BC31E721B3F00F3587E /* AppDelegate.swift in Sources */ = {isa = PBXBuildFile; fileRef = 43A40BC21E721B3F00F3587E /* AppDelegate.swift */; };
		43A40BC51E721B3F00F3587E /* ViewController.swift in Sources */ = {isa = PBXBuildFile; fileRef = 43A40BC41E721B3F00F3587E /* ViewController.swift */; };
		43A40BC81E721B3F00F3587E /* Main.storyboard in Resources */ = {isa = PBXBuildFile; fileRef = 43A40BC61E721B3F00F3587E /* Main.storyboard */; };
		43A40BCA1E721B3F00F3587E /* Assets.xcassets in Resources */ = {isa = PBXBuildFile; fileRef = 43A40BC91E721B3F00F3587E /* Assets.xcassets */; };
		43A40BCD1E721B3F00F3587E /* LaunchScreen.storyboard in Resources */ = {isa = PBXBuildFile; fileRef = 43A40BCB1E721B3F00F3587E /* LaunchScreen.storyboard */; };
		43A40BD81E721B4000F3587E /* counterTests.swift in Sources */ = {isa = PBXBuildFile; fileRef = 43A40BD71E721B4000F3587E /* counterTests.swift */; };
		43A40BE31E721B4000F3587E /* counterUITests.swift in Sources */ = {isa = PBXBuildFile; fileRef = 43A40BE21E721B4000F3587E /* counterUITests.swift */; };
/* End PBXBuildFile section */

/* Begin PBXContainerItemProxy section */
		43A40BD41E721B4000F3587E /* PBXContainerItemProxy */ = {
			isa = PBXContainerItemProxy;
			containerPortal = 43A40BB71E721B3F00F3587E /* Project object */;
			proxyType = 1;
			remoteGlobalIDString = 43A40BBE1E721B3F00F3587E;
			remoteInfo = counter;
		};
		43A40BDF1E721B4000F3587E /* PBXContainerItemProxy */ = {
			isa = PBXContainerItemProxy;
			containerPortal = 43A40BB71E721B3F00F3587E /* Project object */;
			proxyType = 1;
			remoteGlobalIDString = 43A40BBE1E721B3F00F3587E;
			remoteInfo = counter;
		};
/* End PBXContainerItemProxy section */

/* Begin PBXFileReference section */
		43A40BBF1E721B3F00F3587E /* counter.app */ = {isa = PBXFileReference; explicitFileType = wrapper.application; includeInIndex = 0; path = counter.app; sourceTree = BUILT_PRODUCTS_DIR; };
		43A40BC21E721B3F00F3587E /* AppDelegate.swift */ = {isa = PBXFileReference; lastKnownFileType = sourcecode.swift; path = AppDelegate.swift; sourceTree = "<group>"; };
		43A40BC41E721B3F00F3587E /* ViewController.swift */ = {isa = PBXFileReference; lastKnownFileType = sourcecode.swift; path = ViewController.swift; sourceTree = "<group>"; };
		43A40BC71E721B3F00F3587E /* Base */ = {isa = PBXFileReference; lastKnownFileType = file.storyboard; name = Base; path = Base.lproj/Main.storyboard; sourceTree = "<group>"; };
		43A40BC91E721B3F00F3587E /* Assets.xcassets */ = {isa = PBXFileReference; lastKnownFileType = folder.assetcatalog; path = Assets.xcassets; sourceTree = "<group>"; };
		43A40BCC1E721B3F00F3587E /* Base */ = {isa = PBXFileReference; lastKnownFileType = file.storyboard; name = Base; path = Base.lproj/LaunchScreen.storyboard; sourceTree = "<group>"; };
		43A40BCE1E721B4000F3587E /* Info.plist */ = {isa = PBXFileReference; lastKnownFileType = text.plist.xml; path = Info.plist; sourceTree = "<group>"; };
		43A40BD31E721B4000F3587E /* counterTests.xctest */ = {isa = PBXFileReference; explicitFileType = wrapper.cfbundle; includeInIndex = 0; path = counterTests.xctest; sourceTree = BUILT_PRODUCTS_DIR; };
		43A40BD71E721B4000F3587E /* counterTests.swift */ = {isa = PBXFileReference; lastKnownFileType = sourcecode.swift; path = counterTests.swift; sourceTree = "<group>"; };
		43A40BD91E721B4000F3587E /* Info.plist */ = {isa = PBXFileReference; lastKnownFileType = text.plist.xml; path = Info.plist; sourceTree = "<group>"; };
		43A40BDE1E721B4000F3587E /* counterUITests.xctest */ = {isa = PBXFileReference; explicitFileType = wrapper.cfbundle; includeInIndex = 0; path = counterUITests.xctest; sourceTree = BUILT_PRODUCTS_DIR; };
		43A40BE21E721B4000F3587E /* counterUITests.swift */ = {isa = PBXFileReference; lastKnownFileType = sourcecode.swift; path = counterUITests.swift; sourceTree = "<group>"; };
		43A40BE41E721B4000F3587E /* Info.plist */ = {isa = PBXFileReference; lastKnownFileType = text.plist.xml; path = Info.plist; sourceTree = "<group>"; };
/* End PBXFileReference section */

/* Begin PBXFrameworksBuildPhase section */
		43A40BBC1E721B3F00F3587E /* Frameworks */ = {
			isa = PBXFrameworksBuildPhase;
			buildActionMask = 2147483647;
			files = (
			);
			runOnlyForDeploymentPostprocessing = 0;
		};
		43A40BD01E721B4000F3587E /* Frameworks */ = {
			isa = PBXFrameworksBuildPhase;
			buildActionMask = 2147483647;
			files = (
			);
			runOnlyForDeploymentPostprocessing = 0;
		};
		43A40BDB1E721B4000F3587E /* Frameworks */ = {
			isa = PBXFrameworksBuildPhase;
			buildActionMask = 2147483647;
			files = (
			);
			runOnlyForDeploymentPostprocessing = 0;
		};
/* End PBXFrameworksBuildPhase section */

/* Begin PBXGroup section */
		43A40BB61E721B3F00F3587E = {
			isa = PBXGroup;
			children = (
				43A40BC11E721B3F00F3587E /* counter */,
				43A40BD61E721B4000F3587E /* counterTests */,
				43A40BE11E721B4000F3587E /* counterUITests */,
				43A40BC01E721B3F00F3587E /* Products */,
			);
			sourceTree = "<group>";
		};
		43A40BC01E721B3F00F3587E /* Products */ = {
			isa = PBXGroup;
			children = (
				43A40BBF1E721B3F00F3587E /* counter.app */,
				43A40BD31E721B4000F3587E /* counterTests.xctest */,
				43A40BDE1E721B4000F3587E /* counterUITests.xctest */,
			);
			name = Products;
			sourceTree = "<group>";
		};
		43A40BC11E721B3F00F3587E /* counter */ = {
			isa = PBXGroup;
			children = (
				43A40BC21E721B3F00F3587E /* AppDelegate.swift */,
				43A40BC41E721B3F00F3587E /* ViewController.swift */,
				43A40BC61E721B3F00F3587E /* Main.storyboard */,
				43A40BC91E721B3F00F3587E /* Assets.xcassets */,
				43A40BCB1E721B3F00F3587E /* LaunchScreen.storyboard */,
				43A40BCE1E721B4000F3587E /* Info.plist */,
			);
			path = counter;
			sourceTree = "<group>";
		};
		43A40BD61E721B4000F3587E /* counterTests */ = {
			isa = PBXGroup;
			children = (
				43A40BD71E721B4000F3587E /* counterTests.swift */,
				43A40BD91E721B4000F3587E /* Info.plist */,
			);
			path = counterTests;
			sourceTree = "<group>";
		};
		43A40BE11E721B4000F3587E /* counterUITests */ = {
			isa = PBXGroup;
			children = (
				43A40BE21E721B4000F3587E /* counterUITests.swift */,
				43A40BE41E721B4000F3587E /* Info.plist */,
			);
			path = counterUITests;
			sourceTree = "<group>";
		};
/* End PBXGroup section */

/* Begin PBXNativeTarget section */
		43A40BBE1E721B3F00F3587E /* counter */ = {
			isa = PBXNativeTarget;
			buildConfigurationList = 43A40BE71E721B4000F3587E /* Build configuration list for PBXNativeTarget "counter" */;
			buildPhases = (
				43A40BBB1E721B3F00F3587E /* Sources */,
				43A40BBC1E721B3F00F3587E /* Frameworks */,
				43A40BBD1E721B3F00F3587E /* Resources */,
			);
			buildRules = (
			);
			dependencies = (
			);
			name = counter;
			productName = counter;
			productReference = 43A40BBF1E721B3F00F3587E /* counter.app */;
			productType = "com.apple.product-type.application";
		};
		43A40BD21E721B4000F3587E /* counterTests */ = {
			isa = PBXNativeTarget;
			buildConfigurationList = 43A40BEA1E721B4000F3587E /* Build configuration list for PBXNativeTarget "counterTests" */;
			buildPhases = (
				43A40BCF1E721B4000F3587E /* Sources */,
				43A40BD01E721B4000F3587E /* Frameworks */,
				43A40BD11E721B4000F3587E /* Resources */,
			);
			buildRules = (
			);
			dependencies = (
				43A40BD51E721B4000F3587E /* PBXTargetDependency */,
			);
			name = counterTests;
			productName = counterTests;
			productReference = 43A40BD31E721B4000F3587E /* counterTests.xctest */;
			productType = "com.apple.product-type.bundle.unit-test";
		};
		43A40BDD1E721B4000F3587E /* counterUITests */ = {
			isa = PBXNativeTarget;
			buildConfigurationList = 43A40BED1E721B4000F3587E /* Build configuration list for PBXNativeTarget "counterUITests" */;
			buildPhases = (
				43A40BDA1E721B4000F3587E /* Sources */,
				43A40BDB1E721B4000F3587E /* Frameworks */,
				43A40BDC1E721B4000F3587E /* Resources */,
			);
			buildRules = (
			);
			dependencies = (
				43A40BE01E721B4000F3587E /* PBXTargetDependency */,
			);
			name = counterUITests;
			productName = counterUITests;
			productReference = 43A40BDE1E721B4000F3587E /* counterUITests.xctest */;
			productType = "com.apple.product-type.bundle.ui-testing";
		};
/* End PBXNativeTarget section */

/* Begin PBXProject section */
		43A40BB71E721B3F00F3587E /* Project object */ = {
			isa = PBXProject;
			attributes = {
				LastSwiftUpdateCheck = 0820;
				LastUpgradeCheck = 0820;
				ORGANIZATIONNAME = tmg;
				TargetAttributes = {
					43A40BBE1E721B3F00F3587E = {
						CreatedOnToolsVersion = 8.2.1;
						ProvisioningStyle = Automatic;
					};
					43A40BD21E721B4000F3587E = {
						CreatedOnToolsVersion = 8.2.1;
						ProvisioningStyle = Automatic;
						TestTargetID = 43A40BBE1E721B3F00F3587E;
					};
					43A40BDD1E721B4000F3587E = {
						CreatedOnToolsVersion = 8.2.1;
						ProvisioningStyle = Automatic;
						TestTargetID = 43A40BBE1E721B3F00F3587E;
					};
				};
			};
			buildConfigurationList = 43A40BBA1E721B3F00F3587E /* Build configuration list for PBXProject "counter" */;
			compatibilityVersion = "Xcode 3.2";
			developmentRegion = English;
			hasScannedForEncodings = 0;
			knownRegions = (
				en,
				Base,
			);
			mainGroup = 43A40BB61E721B3F00F3587E;
			productRefGroup = 43A40BC01E721B3F00F3587E /* Products */;
			projectDirPath = "";
			projectRoot = "";
			targets = (
				43A40BBE1E721B3F00F3587E /* counter */,
				43A40BD21E721B4000F3587E /* counterTests */,
				43A40BDD1E721B4000F3587E /* counterUITests */,
			);
		};
/* End PBXProject section */

/* Begin PBXResourcesBuildPhase section */
		43A40BBD1E721B3F00F3587E /* Resources */ = {
			isa = PBXResourcesBuildPhase;
			buildActionMask = 2147483647;
			files = (
				43A40BCD1E721B3F00F3587E /* LaunchScreen.storyboard in Resources */,
				43A40BCA1E721B3F00F3587E /* Assets.xcassets in Resources */,
				43A40BC81E721B3F00F3587E /* Main.storyboard in Resources */,
			);
			runOnlyForDeploymentPostprocessing = 0;
		};
		43A40BD11E721B4000F3587E /* Resources */ = {
			isa = PBXResourcesBuildPhase;
			buildActionMask = 2147483647;
			files = (
			);
			runOnlyForDeploymentPostprocessing = 0;
		};
		43A40BDC1E721B4000F3587E /* Resources */ = {
			isa = PBXResourcesBuildPhase;
			buildActionMask = 2147483647;
			files = (
			);
			runOnlyForDeploymentPostprocessing = 0;
		};
/* End PBXResourcesBuildPhase section */

/* Begin PBXSourcesBuildPhase section */
		43A40BBB1E721B3F00F3587E /* Sources */ = {
			isa = PBXSourcesBuildPhase;
			buildActionMask = 2147483647;
			files = (
				43A40BC51E721B3F00F3587E /* ViewController.swift in Sources */,
				43A40BC31E721B3F00F3587E /* AppDelegate.swift in Sources */,
			);
			runOnlyForDeploymentPostprocessing = 0;
		};
		43A40BCF1E721B4000F3587E /* Sources */ = {
			isa = PBXSourcesBuildPhase;
			buildActionMask = 2147483647;
			files = (
				43A40BD81E721B4000F3587E /* counterTests.swift in Sources */,
			);
			runOnlyForDeploymentPostprocessing = 0;
		};
		43A40BDA1E721B4000F3587E /* Sources */ = {
			isa = PBXSourcesBuildPhase;
			buildActionMask = 2147483647;
			files = (
				43A40BE31E721B4000F3587E /* counterUITests.swift in Sources */,
			);
			runOnlyForDeploymentPostprocessing = 0;
		};
/* End PBXSourcesBuildPhase section */

/* Begin PBXTargetDependency section */
		43A40BD51E721B4000F3587E /* PBXTargetDependency */ = {
			isa = PBXTargetDependency;
			target = 43A40BBE1E721B3F00F3587E /* counter */;
			targetProxy = 43A40BD41E721B4000F3587E /* PBXContainerItemProxy */;
		};
		43A40BE01E721B4000F3587E /* PBXTargetDependency */ = {
			isa = PBXTargetDependency;
			target = 43A40BBE1E721B3F00F3587E /* counter */;
			targetProxy = 43A40BDF1E721B4000F3587E /* PBXContainerItemProxy */;
		};
/* End PBXTargetDependency section */

/* Begin PBXVariantGroup section */
		43A40BC61E721B3F00F3587E /* Main.storyboard */ = {
			isa = PBXVariantGroup;
			children = (
				43A40BC71E721B3F00F3587E /* Base */,
			);
			name = Main.storyboard;
			sourceTree = "<group>";
		};
		43A40BCB1E721B3F00F3587E /* LaunchScreen.storyboard */ = {
			isa = PBXVariantGroup;
			children = (
				43A40BCC1E721B3F00F3587E /* Base */,
			);
			name = LaunchScreen.storyboard;
			sourceTree = "<group>";
		};
/* End PBXVariantGroup section */

/* Begin XCBuildConfiguration section */
		43A40BE51E721B4000F3587E /* Debug */ = {
			isa = XCBuildConfiguration;
			buildSettings = {
				ALWAYS_SEARCH_USER_PATHS = NO;
				CLANG_ANALYZER_NONNULL = YES;
				CLANG_CXX_LANGUAGE_STANDARD = "gnu++0x";
				CLANG_CXX_LIBRARY = "libc++";
				CLANG_ENABLE_MODULES = YES;
				CLANG_ENABLE_OBJC_ARC = YES;
				CLANG_WARN_BOOL_CONVERSION = YES;
				CLANG_WARN_CONSTANT_CONVERSION = YES;
				CLANG_WARN_DIRECT_OBJC_ISA_USAGE = YES_ERROR;
				CLANG_WARN_DOCUMENTATION_COMMENTS = YES;
				CLANG_WARN_EMPTY_BODY = YES;
				CLANG_WARN_ENUM_CONVERSION = YES;
				CLANG_WARN_INFINITE_RECURSION = YES;
				CLANG_WARN_INT_CONVERSION = YES;
				CLANG_WARN_OBJC_ROOT_CLASS = YES_ERROR;
				CLANG_WARN_SUSPICIOUS_MOVE = YES;
				CLANG_WARN_UNREACHABLE_CODE = YES;
				CLANG_WARN__DUPLICATE_METHOD_MATCH = YES;
				"CODE_SIGN_IDENTITY[sdk=iphoneos*]" = "iPhone Developer";
				COPY_PHASE_STRIP = NO;
				DEBUG_INFORMATION_FORMAT = dwarf;
				ENABLE_STRICT_OBJC_MSGSEND = YES;
				ENABLE_TESTABILITY = YES;
				GCC_C_LANGUAGE_STANDARD = gnu99;
				GCC_DYNAMIC_NO_PIC = NO;
				GCC_NO_COMMON_BLOCKS = YES;
				GCC_OPTIMIZATION_LEVEL = 0;
				GCC_PREPROCESSOR_DEFINITIONS = (
					"DEBUG=1",
					"$(inherited)",
				);
				GCC_WARN_64_TO_32_BIT_CONVERSION = YES;
				GCC_WARN_ABOUT_RETURN_TYPE = YES_ERROR;
				GCC_WARN_UNDECLARED_SELECTOR = YES;
				GCC_WARN_UNINITIALIZED_AUTOS = YES_AGGRESSIVE;
				GCC_WARN_UNUSED_FUNCTION = YES;
				GCC_WARN_UNUSED_VARIABLE = YES;
				IPHONEOS_DEPLOYMENT_TARGET = 10.2;
				MTL_ENABLE_DEBUG_INFO = YES;
				ONLY_ACTIVE_ARCH = YES;
				SDKROOT = iphoneos;
				SWIFT_ACTIVE_COMPILATION_CONDITIONS = DEBUG;
				SWIFT_OPTIMIZATION_LEVEL = "-Onone";
				TARGETED_DEVICE_FAMILY = "1,2";
			};
			name = Debug;
		};
		43A40BE61E721B4000F3587E /* Release */ = {
			isa = XCBuildConfiguration;
			buildSettings = {
				ALWAYS_SEARCH_USER_PATHS = NO;
				CLANG_ANALYZER_NONNULL = YES;
				CLANG_CXX_LANGUAGE_STANDARD = "gnu++0x";
				CLANG_CXX_LIBRARY = "libc++";
				CLANG_ENABLE_MODULES = YES;
				CLANG_ENABLE_OBJC_ARC = YES;
				CLANG_WARN_BOOL_CONVERSION = YES;
				CLANG_WARN_CONSTANT_CONVERSION = YES;
				CLANG_WARN_DIRECT_OBJC_ISA_USAGE = YES_ERROR;
				CLANG_WARN_DOCUMENTATION_COMMENTS = YES;
				CLANG_WARN_EMPTY_BODY = YES;
				CLANG_WARN_ENUM_CONVERSION = YES;
				CLANG_WARN_INFINITE_RECURSION = YES;
				CLANG_WARN_INT_CONVERSION = YES;
				CLANG_WARN_OBJC_ROOT_CLASS = YES_ERROR;
				CLANG_WARN_SUSPICIOUS_MOVE = YES;
				CLANG_WARN_UNREACHABLE_CODE = YES;
				CLANG_WARN__DUPLICATE_METHOD_MATCH = YES;
				"CODE_SIGN_IDENTITY[sdk=iphoneos*]" = "iPhone Developer";
				COPY_PHASE_STRIP = NO;
				DEBUG_INFORMATION_FORMAT = "dwarf-with-dsym";
				ENABLE_NS_ASSERTIONS = NO;
				ENABLE_STRICT_OBJC_MSGSEND = YES;
				GCC_C_LANGUAGE_STANDARD = gnu99;
				GCC_NO_COMMON_BLOCKS = YES;
				GCC_WARN_64_TO_32_BIT_CONVERSION = YES;
				GCC_WARN_ABOUT_RETURN_TYPE = YES_ERROR;
				GCC_WARN_UNDECLARED_SELECTOR = YES;
				GCC_WARN_UNINITIALIZED_AUTOS = YES_AGGRESSIVE;
				GCC_WARN_UNUSED_FUNCTION = YES;
				GCC_WARN_UNUSED_VARIABLE = YES;
				IPHONEOS_DEPLOYMENT_TARGET = 10.2;
				MTL_ENABLE_DEBUG_INFO = NO;
				SDKROOT = iphoneos;
				SWIFT_OPTIMIZATION_LEVEL = "-Owholemodule";
				TARGETED_DEVICE_FAMILY = "1,2";
				VALIDATE_PRODUCT = YES;
			};
			name = Release;
		};
		43A40BE81E721B4000F3587E /* Debug */ = {
			isa = XCBuildConfiguration;
			buildSettings = {
				ASSETCATALOG_COMPILER_APPICON_NAME = AppIcon;
				INFOPLIST_FILE = counter/Info.plist;
				LD_RUNPATH_SEARCH_PATHS = "$(inherited) @executable_path/Frameworks";
				PRODUCT_BUNDLE_IDENTIFIER = com.tmg.counter;
				PRODUCT_NAME = "$(TARGET_NAME)";
				SWIFT_VERSION = 3.0;
			};
			name = Debug;
		};
		43A40BE91E721B4000F3587E /* Release */ = {
			isa = XCBuildConfiguration;
			buildSettings = {
				ASSETCATALOG_COMPILER_APPICON_NAME = AppIcon;
				INFOPLIST_FILE = counter/Info.plist;
				LD_RUNPATH_SEARCH_PATHS = "$(inherited) @executable_path/Frameworks";
				PRODUCT_BUNDLE_IDENTIFIER = com.tmg.counter;
				PRODUCT_NAME = "$(TARGET_NAME)";
				SWIFT_VERSION = 3.0;
			};
			name = Release;
		};
		43A40BEB1E721B4000F3587E /* Debug */ = {
			isa = XCBuildConfiguration;
			buildSettings = {
				ALWAYS_EMBED_SWIFT_STANDARD_LIBRARIES = YES;
				BUNDLE_LOADER = "$(TEST_HOST)";
				INFOPLIST_FILE = counterTests/Info.plist;
				LD_RUNPATH_SEARCH_PATHS = "$(inherited) @executable_path/Frameworks @loader_path/Frameworks";
				PRODUCT_BUNDLE_IDENTIFIER = com.tmg.counterTests;
				PRODUCT_NAME = "$(TARGET_NAME)";
				SWIFT_VERSION = 3.0;
				TEST_HOST = "$(BUILT_PRODUCTS_DIR)/counter.app/counter";
			};
			name = Debug;
		};
		43A40BEC1E721B4000F3587E /* Release */ = {
			isa = XCBuildConfiguration;
			buildSettings = {
				ALWAYS_EMBED_SWIFT_STANDARD_LIBRARIES = YES;
				BUNDLE_LOADER = "$(TEST_HOST)";
				INFOPLIST_FILE = counterTests/Info.plist;
				LD_RUNPATH_SEARCH_PATHS = "$(inherited) @executable_path/Frameworks @loader_path/Frameworks";
				PRODUCT_BUNDLE_IDENTIFIER = com.tmg.counterTests;
				PRODUCT_NAME = "$(TARGET_NAME)";
				SWIFT_VERSION = 3.0;
				TEST_HOST = "$(BUILT_PRODUCTS_DIR)/counter.app/counter";
			};
			name = Release;
		};
		43A40BEE1E721B4000F3587E /* Debug */ = {
			isa = XCBuildConfiguration;
			buildSettings = {
				ALWAYS_EMBED_SWIFT_STANDARD_LIBRARIES = YES;
				INFOPLIST_FILE = counterUITests/Info.plist;
				LD_RUNPATH_SEARCH_PATHS = "$(inherited) @executable_path/Frameworks @loader_path/Frameworks";
				PRODUCT_BUNDLE_IDENTIFIER = com.tmg.counterUITests;
				PRODUCT_NAME = "$(TARGET_NAME)";
				SWIFT_VERSION = 3.0;
				TEST_TARGET_NAME = counter;
			};
			name = Debug;
		};
		43A40BEF1E721B4000F3587E /* Release */ = {
			isa = XCBuildConfiguration;
			buildSettings = {
				ALWAYS_EMBED_SWIFT_STANDARD_LIBRARIES = YES;
				INFOPLIST_FILE = counterUITests/Info.plist;
				LD_RUNPATH_SEARCH_PATHS = "$(inherited) @executable_path/Frameworks @loader_path/Frameworks";
				PRODUCT_BUNDLE_IDENTIFIER = com.tmg.counterUITests;
				PRODUCT_NAME = "$(TARGET_NAME)";
				SWIFT_VERSION = 3.0;
				TEST_TARGET_NAME = counter;
			};
			name = Release;
		};
/* End XCBuildConfiguration section */

/* Begin XCConfigurationList section */
		43A40BBA1E721B3F00F3587E /* Build configuration list for PBXProject "counter" */ = {
			isa = XCConfigurationList;
			buildConfigurations = (
				43A40BE51E721B4000F3587E /* Debug */,
				43A40BE61E721B4000F3587E /* Release */,
			);
			defaultConfigurationIsVisible = 0;
			defaultConfigurationName = Release;
		};
		43A40BE71E721B4000F3587E /* Build configuration list for PBXNativeTarget "counter" */ = {
			isa = XCConfigurationList;
			buildConfigurations = (
				43A40BE81E721B4000F3587E /* Debug */,
				43A40BE91E721B4000F3587E /* Release */,
			);
			defaultConfigurationIsVisible = 0;
		};
		43A40BEA1E721B4000F3587E /* Build configuration list for PBXNativeTarget "counterTests" */ = {
			isa = XCConfigurationList;
			buildConfigurations = (
				43A40BEB1E721B4000F3587E /* Debug */,
				43A40BEC1E721B4000F3587E /* Release */,
			);
			defaultConfigurationIsVisible = 0;
		};
		43A40BED1E721B4000F3587E /* Build configuration list for PBXNativeTarget "counterUITests" */ = {
			isa = XCConfigurationList;
			buildConfigurations = (
				43A40BEE1E721B4000F3587E /* Debug */,
				43A40BEF1E721B4000F3587E /* Release */,
			);
			defaultConfigurationIsVisible = 0;
		};
/* End XCConfigurationList section */
	};
	rootObject = 43A40BB71E721B3F00F3587E /* Project object */;
}
